
Microsoft Visual Studio Solution File, Format Version 12.00
# Visual Studio Version 16
VisualStudioVersion = 16.0.30523.141
MinimumVisualStudioVersion = 10.0.40219.1
Project("{FAE04EC0-301F-11D3-BF4B-00C04F79EFBC}") = "Indexer", "Indexer.csproj", "{C85DBDBE-BB79-4413-852A-EDB7722839CF}"
EndProject
Global
	GlobalSection(SolutionConfigurationPlatforms) = preSolution
		Debug|Any CPU = Debug|Any CPU
		Release|Any CPU = Release|Any CPU
	EndGlobalSection
	GlobalSection(ProjectConfigurationPlatforms) = postSolution
		{C85DBDBE-BB79-4413-852A-EDB7722839CF}.Debug|Any CPU.ActiveCfg = Debug|Any CPU
		{C85DBDBE-BB79-4413-852A-EDB7722839CF}.Debug|Any CPU.Build.0 = Debug|Any CPU
		{C85DBDBE-BB79-4413-852A-EDB7722839CF}.Release|Any CPU.ActiveCfg = Release|Any CPU
		{C85DBDBE-BB79-4413-852A-EDB7722839CF}.Release|Any CPU.Build.0 = Release|Any CPU
	EndGlobalSection
	GlobalSection(SolutionProperties) = preSolution
		HideSolutionNode = FALSE
	EndGlobalSection
	GlobalSection(ExtensibilityGlobals) = postSolution
		SolutionGuid = {C1C3A328-EC58-46F1-918B-BE18B353EF69}
	EndGlobalSection
EndGlobal
